{
  "name": "sendspin-player",
  "version": "1.0.0",
  "lockfileVersion": 3,
  "requires": true,
  "packages": {
    "": {
      "name": "sendspin-player",
      "version": "1.0.0",
      "dependencies": {
        "@picocss/pico": "^1.5.11",
        "htmx.org": "^1.9.10"
      }
    },
    "node_modules/@picocss/pico": {
      "version": "1.5.13",
      "resolved": "https://registry.npmjs.org/@picocss/pico/-/pico-1.5.13.tgz",
      "integrity": "sha512-BPTeE4JC95+7/vsG9r+6hDR1qUkV4YZ1blI/TI6peOmM94XubjmUDE3jUi4f6DBV6WmCL76ueTct/NerJ33E8A==",
      "license": "MIT"
    },
    "node_modules/htmx.org": {
      "version": "1.9.12",
      "resolved": "https://registry.npmjs.org/htmx.org/-/htmx.org-1.9.12.tgz",
      "integrity": "sha512-VZAohXyF7xPGS52IM8d1T1283y+X4D+Owf3qY1NZ9RuBypyu9l8cGsxUMAG5fEAb/DhT7rDoJ9Hpu5/HxFD3cw==",
      "license": "0BSD"
    }
  }
}
